// !$*UTF8*$!
{
	archiveVersion = 1;
	classes = {
	};
	objectVersion = 46;
	objects = {

/* Begin PBXBuildFile section */
		36BFF03D17CF1CCB0020822D /* Foundation.framework in Frameworks */ = {isa = PBXBuildFile; fileRef = 36BFF03C17CF1CCB0020822D /* Foundation.framework */; };
		36BFF03F17CF1CCB0020822D /* CoreGraphics.framework in Frameworks */ = {isa = PBXBuildFile; fileRef = 36BFF03E17CF1CCB0020822D /* CoreGraphics.framework */; };
		36BFF04117CF1CCB0020822D /* UIKit.framework in Frameworks */ = {isa = PBXBuildFile; fileRef = 36BFF04017CF1CCB0020822D /* UIKit.framework */; };
		36BFF04717CF1CCB0020822D /* InfoPlist.strings in Resources */ = {isa = PBXBuildFile; fileRef = 36BFF04517CF1CCB0020822D /* InfoPlist.strings */; };
		36BFF04917CF1CCB0020822D /* main.m in Sources */ = {isa = PBXBuildFile; fileRef = 36BFF04817CF1CCB0020822D /* main.m */; };
		36BFF04D17CF1CCB0020822D /* AppDelegate.m in Sources */ = {isa = PBXBuildFile; fileRef = 36BFF04C17CF1CCB0020822D /* AppDelegate.m */; };
		36BFF05017CF1CCB0020822D /* Main.storyboard in Resources */ = {isa = PBXBuildFile; fileRef = 36BFF04E17CF1CCB0020822D /* Main.storyboard */; };
		36BFF05317CF1CCB0020822D /* ViewController.m in Sources */ = {isa = PBXBuildFile; fileRef = 36BFF05217CF1CCB0020822D /* ViewController.m */; };
		36BFF05517CF1CCB0020822D /* Images.xcassets in Resources */ = {isa = PBXBuildFile; fileRef = 36BFF05417CF1CCB0020822D /* Images.xcassets */; };
		36BFF05C17CF1CCB0020822D /* XCTest.framework in Frameworks */ = {isa = PBXBuildFile; fileRef = 36BFF05B17CF1CCB0020822D /* XCTest.framework */; };
		36BFF05D17CF1CCB0020822D /* Foundation.framework in Frameworks */ = {isa = PBXBuildFile; fileRef = 36BFF03C17CF1CCB0020822D /* Foundation.framework */; };
		36BFF05E17CF1CCB0020822D /* UIKit.framework in Frameworks */ = {isa = PBXBuildFile; fileRef = 36BFF04017CF1CCB0020822D /* UIKit.framework */; };
		36BFF06617CF1CCB0020822D /* InfoPlist.strings in Resources */ = {isa = PBXBuildFile; fileRef = 36BFF06417CF1CCB0020822D /* InfoPlist.strings */; };
		36BFF06817CF1CCB0020822D /* ModalSampleTests.m in Sources */ = {isa = PBXBuildFile; fileRef = 36BFF06717CF1CCB0020822D /* ModalSampleTests.m */; };
		36BFF07317CF1DC70020822D /* ModalViewController.m in Sources */ = {isa = PBXBuildFile; fileRef = 36BFF07217CF1DC70020822D /* ModalViewController.m */; };
/* End PBXBuildFile section */

/* Begin PBXContainerItemProxy section */
		36BFF05F17CF1CCB0020822D /* PBXContainerItemProxy */ = {
			isa = PBXContainerItemProxy;
			containerPortal = 36BFF03117CF1CCB0020822D /* Project object */;
			proxyType = 1;
			remoteGlobalIDString = 36BFF03817CF1CCB0020822D;
			remoteInfo = ModalSample;
		};
/* End PBXContainerItemProxy section */

/* Begin PBXFileReference section */
		36BFF03917CF1CCB0020822D /* ModalSample.app */ = {isa = PBXFileReference; explicitFileType = wrapper.application; includeInIndex = 0; path = ModalSample.app; sourceTree = BUILT_PRODUCTS_DIR; };
		36BFF03C17CF1CCB0020822D /* Foundation.framework */ = {isa = PBXFileReference; lastKnownFileType = wrapper.framework; name = Foundation.framework; path = System/Library/Frameworks/Foundation.framework; sourceTree = SDKROOT; };
		36BFF03E17CF1CCB0020822D /* CoreGraphics.framework */ = {isa = PBXFileReference; lastKnownFileType = wrapper.framework; name = CoreGraphics.framework; path = System/Library/Frameworks/CoreGraphics.framework; sourceTree = SDKROOT; };
		36BFF04017CF1CCB0020822D /* UIKit.framework */ = {isa = PBXFileReference; lastKnownFileType = wrapper.framework; name = UIKit.framework; path = System/Library/Frameworks/UIKit.framework; sourceTree = SDKROOT; };
		36BFF04417CF1CCB0020822D /* ModalSample-Info.plist */ = {isa = PBXFileReference; lastKnownFileType = text.plist.xml; path = "ModalSample-Info.plist"; sourceTree = "<group>"; };
		36BFF04617CF1CCB0020822D /* en */ = {isa = PBXFileReference; lastKnownFileType = text.plist.strings; name = en; path = en.lproj/InfoPlist.strings; sourceTree = "<group>"; };
		36BFF04817CF1CCB0020822D /* main.m */ = {isa = PBXFileReference; lastKnownFileType = sourcecode.c.objc; path = main.m; sourceTree = "<group>"; };
		36BFF04A17CF1CCB0020822D /* ModalSample-Prefix.pch */ = {isa = PBXFileReference; lastKnownFileType = sourcecode.c.h; path = "ModalSample-Prefix.pch"; sourceTree = "<group>"; };
		36BFF04B17CF1CCB0020822D /* AppDelegate.h */ = {isa = PBXFileReference; lastKnownFileType = sourcecode.c.h; path = AppDelegate.h; sourceTree = "<group>"; };
		36BFF04C17CF1CCB0020822D /* AppDelegate.m */ = {isa = PBXFileReference; lastKnownFileType = sourcecode.c.objc; path = AppDelegate.m; sourceTree = "<group>"; };
		36BFF04F17CF1CCB0020822D /* Base */ = {isa = PBXFileReference; lastKnownFileType = file.storyboard; name = Base; path = Base.lproj/Main.storyboard; sourceTree = "<group>"; };
		36BFF05117CF1CCB0020822D /* ViewController.h */ = {isa = PBXFileReference; lastKnownFileType = sourcecode.c.h; path = ViewController.h; sourceTree = "<group>"; };
		36BFF05217CF1CCB0020822D /* ViewController.m */ = {isa = PBXFileReference; lastKnownFileType = sourcecode.c.objc; path = ViewController.m; sourceTree = "<group>"; };
		36BFF05417CF1CCB0020822D /* Images.xcassets */ = {isa = PBXFileReference; lastKnownFileType = folder.assetcatalog; path = Images.xcassets; sourceTree = "<group>"; };
		36BFF05A17CF1CCB0020822D /* ModalSampleTests.xctest */ = {isa = PBXFileReference; explicitFileType = wrapper.cfbundle; includeInIndex = 0; path = ModalSampleTests.xctest; sourceTree = BUILT_PRODUCTS_DIR; };
		36BFF05B17CF1CCB0020822D /* XCTest.framework */ = {isa = PBXFileReference; lastKnownFileType = wrapper.framework; name = XCTest.framework; path = Library/Frameworks/XCTest.framework; sourceTree = DEVELOPER_DIR; };
		36BFF06317CF1CCB0020822D /* ModalSampleTests-Info.plist */ = {isa = PBXFileReference; lastKnownFileType = text.plist.xml; path = "ModalSampleTests-Info.plist"; sourceTree = "<group>"; };
		36BFF06517CF1CCB0020822D /* en */ = {isa = PBXFileReference; lastKnownFileType = text.plist.strings; name = en; path = en.lproj/InfoPlist.strings; sourceTree = "<group>"; };
		36BFF06717CF1CCB0020822D /* ModalSampleTests.m */ = {isa = PBXFileReference; lastKnownFileType = sourcecode.c.objc; path = ModalSampleTests.m; sourceTree = "<group>"; };
		36BFF07117CF1DC70020822D /* ModalViewController.h */ = {isa = PBXFileReference; fileEncoding = 4; lastKnownFileType = sourcecode.c.h; path = ModalViewController.h; sourceTree = "<group>"; };
		36BFF07217CF1DC70020822D /* ModalViewController.m */ = {isa = PBXFileReference; fileEncoding = 4; lastKnownFileType = sourcecode.c.objc; path = ModalViewController.m; sourceTree = "<group>"; };
/* End PBXFileReference section */

/* Begin PBXFrameworksBuildPhase section */
		36BFF03617CF1CCB0020822D /* Frameworks */ = {
			isa = PBXFrameworksBuildPhase;
			buildActionMask = 2147483647;
			files = (
				36BFF03F17CF1CCB0020822D /* CoreGraphics.framework in Frameworks */,
				36BFF04117CF1CCB0020822D /* UIKit.framework in Frameworks */,
				36BFF03D17CF1CCB0020822D /* Foundation.framework in Frameworks */,
			);
			runOnlyForDeploymentPostprocessing = 0;
		};
		36BFF05717CF1CCB0020822D /* Frameworks */ = {
			isa = PBXFrameworksBuildPhase;
			buildActionMask = 2147483647;
			files = (
				36BFF05C17CF1CCB0020822D /* XCTest.framework in Frameworks */,
				36BFF05E17CF1CCB0020822D /* UIKit.framework in Frameworks */,
				36BFF05D17CF1CCB0020822D /* Foundation.framework in Frameworks */,
			);
			runOnlyForDeploymentPostprocessing = 0;
		};
/* End PBXFrameworksBuildPhase section */

/* Begin PBXGroup section */
		36BFF03017CF1CCB0020822D = {
			isa = PBXGroup;
			children = (
				36BFF04217CF1CCB0020822D /* ModalSample */,
				36BFF06117CF1CCB0020822D /* ModalSampleTests */,
				36BFF03B17CF1CCB0020822D /* Frameworks */,
				36BFF03A17CF1CCB0020822D /* Products */,
			);
			sourceTree = "<group>";
		};
		36BFF03A17CF1CCB0020822D /* Products */ = {
			isa = PBXGroup;
			children = (
				36BFF03917CF1CCB0020822D /* ModalSample.app */,
				36BFF05A17CF1CCB0020822D /* ModalSampleTests.xctest */,
			);
			name = Products;
			sourceTree = "<group>";
		};
		36BFF03B17CF1CCB0020822D /* Frameworks */ = {
			isa = PBXGroup;
			children = (
				36BFF03C17CF1CCB0020822D /* Foundation.framework */,
				36BFF03E17CF1CCB0020822D /* CoreGraphics.framework */,
				36BFF04017CF1CCB0020822D /* UIKit.framework */,
				36BFF05B17CF1CCB0020822D /* XCTest.framework */,
			);
			name = Frameworks;
			sourceTree = "<group>";
		};
		36BFF04217CF1CCB0020822D /* ModalSample */ = {
			isa = PBXGroup;
			children = (
				36BFF04B17CF1CCB0020822D /* AppDelegate.h */,
				36BFF04C17CF1CCB0020822D /* AppDelegate.m */,
				36BFF04E17CF1CCB0020822D /* Main.storyboard */,
				36BFF05117CF1CCB0020822D /* ViewController.h */,
				36BFF05217CF1CCB0020822D /* ViewController.m */,
				36BFF05417CF1CCB0020822D /* Images.xcassets */,
				36BFF04317CF1CCB0020822D /* Supporting Files */,
				36BFF07117CF1DC70020822D /* ModalViewController.h */,
				36BFF07217CF1DC70020822D /* ModalViewController.m */,
			);
			path = ModalSample;
			sourceTree = "<group>";
		};
		36BFF04317CF1CCB0020822D /* Supporting Files */ = {
			isa = PBXGroup;
			children = (
				36BFF04417CF1CCB0020822D /* ModalSample-Info.plist */,
				36BFF04517CF1CCB0020822D /* InfoPlist.strings */,
				36BFF04817CF1CCB0020822D /* main.m */,
				36BFF04A17CF1CCB0020822D /* ModalSample-Prefix.pch */,
			);
			name = "Supporting Files";
			sourceTree = "<group>";
		};
		36BFF06117CF1CCB0020822D /* ModalSampleTests */ = {
			isa = PBXGroup;
			children = (
				36BFF06717CF1CCB0020822D /* ModalSampleTests.m */,
				36BFF06217CF1CCB0020822D /* Supporting Files */,
			);
			path = ModalSampleTests;
			sourceTree = "<group>";
		};
		36BFF06217CF1CCB0020822D /* Supporting Files */ = {
			isa = PBXGroup;
			children = (
				36BFF06317CF1CCB0020822D /* ModalSampleTests-Info.plist */,
				36BFF06417CF1CCB0020822D /* InfoPlist.strings */,
			);
			name = "Supporting Files";
			sourceTree = "<group>";
		};
/* End PBXGroup section */

/* Begin PBXNativeTarget section */
		36BFF03817CF1CCB0020822D /* ModalSample */ = {
			isa = PBXNativeTarget;
			buildConfigurationList = 36BFF06B17CF1CCB0020822D /* Build configuration list for PBXNativeTarget "ModalSample" */;
			buildPhases = (
				36BFF03517CF1CCB0020822D /* Sources */,
				36BFF03617CF1CCB0020822D /* Frameworks */,
				36BFF03717CF1CCB0020822D /* Resources */,
			);
			buildRules = (
			);
			dependencies = (
			);
			name = ModalSample;
			productName = ModalSample;
			productReference = 36BFF03917CF1CCB0020822D /* ModalSample.app */;
			productType = "com.apple.product-type.application";
		};
		36BFF05917CF1CCB0020822D /* ModalSampleTests */ = {
			isa = PBXNativeTarget;
			buildConfigurationList = 36BFF06E17CF1CCB0020822D /* Build configuration list for PBXNativeTarget "ModalSampleTests" */;
			buildPhases = (
				36BFF05617CF1CCB0020822D /* Sources */,
				36BFF05717CF1CCB0020822D /* Frameworks */,
				36BFF05817CF1CCB0020822D /* Resources */,
			);
			buildRules = (
			);
			dependencies = (
				36BFF06017CF1CCB0020822D /* PBXTargetDependency */,
			);
			name = ModalSampleTests;
			productName = ModalSampleTests;
			productReference = 36BFF05A17CF1CCB0020822D /* ModalSampleTests.xctest */;
			productType = "com.apple.product-type.bundle.unit-test";
		};
/* End PBXNativeTarget section */

/* Begin PBXProject section */
		36BFF03117CF1CCB0020822D /* Project object */ = {
			isa = PBXProject;
			attributes = {
				LastUpgradeCheck = 0500;
				ORGANIZATIONNAME = KazukiKubo;
				TargetAttributes = {
					36BFF05917CF1CCB0020822D = {
						TestTargetID = 36BFF03817CF1CCB0020822D;
					};
				};
			};
			buildConfigurationList = 36BFF03417CF1CCB0020822D /* Build configuration list for PBXProject "ModalSample" */;
			compatibilityVersion = "Xcode 3.2";
			developmentRegion = English;
			hasScannedForEncodings = 0;
			knownRegions = (
				en,
				Base,
			);
			mainGroup = 36BFF03017CF1CCB0020822D;
			productRefGroup = 36BFF03A17CF1CCB0020822D /* Products */;
			projectDirPath = "";
			projectRoot = "";
			targets = (
				36BFF03817CF1CCB0020822D /* ModalSample */,
				36BFF05917CF1CCB0020822D /* ModalSampleTests */,
			);
		};
/* End PBXProject section */

/* Begin PBXResourcesBuildPhase section */
		36BFF03717CF1CCB0020822D /* Resources */ = {
			isa = PBXResourcesBuildPhase;
			buildActionMask = 2147483647;
			files = (
				36BFF05517CF1CCB0020822D /* Images.xcassets in Resources */,
				36BFF04717CF1CCB0020822D /* InfoPlist.strings in Resources */,
				36BFF05017CF1CCB0020822D /* Main.storyboard in Resources */,
			);
			runOnlyForDeploymentPostprocessing = 0;
		};
		36BFF05817CF1CCB0020822D /* Resources */ = {
			isa = PBXResourcesBuildPhase;
			buildActionMask = 2147483647;
			files = (
				36BFF06617CF1CCB0020822D /* InfoPlist.strings in Resources */,
			);
			runOnlyForDeploymentPostprocessing = 0;
		};
/* End PBXResourcesBuildPhase section */

/* Begin PBXSourcesBuildPhase section */
		36BFF03517CF1CCB0020822D /* Sources */ = {
			isa = PBXSourcesBuildPhase;
			buildActionMask = 2147483647;
			files = (
				36BFF07317CF1DC70020822D /* ModalViewController.m in Sources */,
				36BFF05317CF1CCB0020822D /* ViewController.m in Sources */,
				36BFF04D17CF1CCB0020822D /* AppDelegate.m in Sources */,
				36BFF04917CF1CCB0020822D /* main.m in Sources */,
			);
			runOnlyForDeploymentPostprocessing = 0;
		};
		36BFF05617CF1CCB0020822D /* Sources */ = {
			isa = PBXSourcesBuildPhase;
			buildActionMask = 2147483647;
			files = (
				36BFF06817CF1CCB0020822D /* ModalSampleTests.m in Sources */,
			);
			runOnlyForDeploymentPostprocessing = 0;
		};
/* End PBXSourcesBuildPhase section */

/* Begin PBXTargetDependency section */
		36BFF06017CF1CCB0020822D /* PBXTargetDependency */ = {
			isa = PBXTargetDependency;
			target = 36BFF03817CF1CCB0020822D /* ModalSample */;
			targetProxy = 36BFF05F17CF1CCB0020822D /* PBXContainerItemProxy */;
		};
/* End PBXTargetDependency section */

/* Begin PBXVariantGroup section */
		36BFF04517CF1CCB0020822D /* InfoPlist.strings */ = {
			isa = PBXVariantGroup;
			children = (
				36BFF04617CF1CCB0020822D /* en */,
			);
			name = InfoPlist.strings;
			sourceTree = "<group>";
		};
		36BFF04E17CF1CCB0020822D /* Main.storyboard */ = {
			isa = PBXVariantGroup;
			children = (
				36BFF04F17CF1CCB0020822D /* Base */,
			);
			name = Main.storyboard;
			sourceTree = "<group>";
		};
		36BFF06417CF1CCB0020822D /* InfoPlist.strings */ = {
			isa = PBXVariantGroup;
			children = (
				36BFF06517CF1CCB0020822D /* en */,
			);
			name = InfoPlist.strings;
			sourceTree = "<group>";
		};
/* End PBXVariantGroup section */

/* Begin XCBuildConfiguration section */
		36BFF06917CF1CCB0020822D /* Debug */ = {
			isa = XCBuildConfiguration;
			buildSettings = {
				ALWAYS_SEARCH_USER_PATHS = NO;
				CLANG_CXX_LANGUAGE_STANDARD = "gnu++0x";
				CLANG_CXX_LIBRARY = "libc++";
				CLANG_ENABLE_MODULES = YES;
				CLANG_ENABLE_OBJC_ARC = YES;
				CLANG_WARN_BOOL_CONVERSION = YES;
				CLANG_WARN_CONSTANT_CONVERSION = YES;
				CLANG_WARN_DIRECT_OBJC_ISA_USAGE = YES_ERROR;
				CLANG_WARN_EMPTY_BODY = YES;
				CLANG_WARN_ENUM_CONVERSION = YES;
				CLANG_WARN_INT_CONVERSION = YES;
				CLANG_WARN_OBJC_ROOT_CLASS = YES_ERROR;
				CLANG_WARN__DUPLICATE_METHOD_MATCH = YES;
				"CODE_SIGN_IDENTITY[sdk=iphoneos*]" = "iPhone Developer";
				COPY_PHASE_STRIP = NO;
				GCC_C_LANGUAGE_STANDARD = gnu99;
				GCC_DYNAMIC_NO_PIC = NO;
				GCC_OPTIMIZATION_LEVEL = 0;
				GCC_PREPROCESSOR_DEFINITIONS = (
					"DEBUG=1",
					"$(inherited)",
				);
				GCC_SYMBOLS_PRIVATE_EXTERN = NO;
				GCC_WARN_ABOUT_RETURN_TYPE = YES_ERROR;
				GCC_WARN_UNDECLARED_SELECTOR = YES;
				GCC_WARN_UNINITIALIZED_AUTOS = YES;
				GCC_WARN_UNUSED_FUNCTION = YES;
				GCC_WARN_UNUSED_VARIABLE = YES;
				IPHONEOS_DEPLOYMENT_TARGET = 7.0;
				ONLY_ACTIVE_ARCH = YES;
				SDKROOT = iphoneos;
			};
			name = Debug;
		};
		36BFF06A17CF1CCB0020822D /* Release */ = {
			isa = XCBuildConfiguration;
			buildSettings = {
				ALWAYS_SEARCH_USER_PATHS = NO;
				CLANG_CXX_LANGUAGE_STANDARD = "gnu++0x";
				CLANG_CXX_LIBRARY = "libc++";
				CLANG_ENABLE_MODULES = YES;
				CLANG_ENABLE_OBJC_ARC = YES;
				CLANG_WARN_BOOL_CONVERSION = YES;
				CLANG_WARN_CONSTANT_CONVERSION = YES;
				CLANG_WARN_DIRECT_OBJC_ISA_USAGE = YES_ERROR;
				CLANG_WARN_EMPTY_BODY = YES;
				CLANG_WARN_ENUM_CONVERSION = YES;
				CLANG_WARN_INT_CONVERSION = YES;
				CLANG_WARN_OBJC_ROOT_CLASS = YES_ERROR;
				CLANG_WARN__DUPLICATE_METHOD_MATCH = YES;
				"CODE_SIGN_IDENTITY[sdk=iphoneos*]" = "iPhone Developer";
				COPY_PHASE_STRIP = YES;
				ENABLE_NS_ASSERTIONS = NO;
				GCC_C_LANGUAGE_STANDARD = gnu99;
				GCC_WARN_ABOUT_RETURN_TYPE = YES_ERROR;
				GCC_WARN_UNDECLARED_SELECTOR = YES;
				GCC_WARN_UNINITIALIZED_AUTOS = YES;
				GCC_WARN_UNUSED_FUNCTION = YES;
				GCC_WARN_UNUSED_VARIABLE = YES;
				IPHONEOS_DEPLOYMENT_TARGET = 7.0;
				SDKROOT = iphoneos;
				VALIDATE_PRODUCT = YES;
			};
			name = Release;
		};
		36BFF06C17CF1CCB0020822D /* Debug */ = {
			isa = XCBuildConfiguration;
			buildSettings = {
				ASSETCATALOG_COMPILER_APPICON_NAME = AppIcon;
				ASSETCATALOG_COMPILER_LAUNCHIMAGE_NAME = LaunchImage;
				GCC_PRECOMPILE_PREFIX_HEADER = YES;
				GCC_PREFIX_HEADER = "ModalSample/ModalSample-Prefix.pch";
				INFOPLIST_FILE = "ModalSample/ModalSample-Info.plist";
				PRODUCT_NAME = "$(TARGET_NAME)";
				WRAPPER_EXTENSION = app;
			};
			name = Debug;
		};
		36BFF06D17CF1CCB0020822D /* Release */ = {
			isa = XCBuildConfiguration;
			buildSettings = {
				ASSETCATALOG_COMPILER_APPICON_NAME = AppIcon;
				ASSETCATALOG_COMPILER_LAUNCHIMAGE_NAME = LaunchImage;
				GCC_PRECOMPILE_PREFIX_HEADER = YES;
				GCC_PREFIX_HEADER = "ModalSample/ModalSample-Prefix.pch";
				INFOPLIST_FILE = "ModalSample/ModalSample-Info.plist";
				PRODUCT_NAME = "$(TARGET_NAME)";
				WRAPPER_EXTENSION = app;
			};
			name = Release;
		};
		36BFF06F17CF1CCB0020822D /* Debug */ = {
			isa = XCBuildConfiguration;
			buildSettings = {
				BUNDLE_LOADER = "$(BUILT_PRODUCTS_DIR)/ModalSample.app/ModalSample";
				FRAMEWORK_SEARCH_PATHS = (
					"$(SDKROOT)/Developer/Library/Frameworks",
					"$(inherited)",
					"$(DEVELOPER_FRAMEWORKS_DIR)",
				);
				GCC_PRECOMPILE_PREFIX_HEADER = YES;
				GCC_PREFIX_HEADER = "ModalSample/ModalSample-Prefix.pch";
				GCC_PREPROCESSOR_DEFINITIONS = (
					"DEBUG=1",
					"$(inherited)",
				);
				INFOPLIST_FILE = "ModalSampleTests/ModalSampleTests-Info.plist";
				PRODUCT_NAME = "$(TARGET_NAME)";
				TEST_HOST = "$(BUNDLE_LOADER)";
				WRAPPER_EXTENSION = xctest;
			};
			name = Debug;
		};
		36BFF07017CF1CCB0020822D /* Release */ = {
			isa = XCBuildConfiguration;
			buildSettings = {
				BUNDLE_LOADER = "$(BUILT_PRODUCTS_DIR)/ModalSample.app/ModalSample";
				FRAMEWORK_SEARCH_PATHS = (
					"$(SDKROOT)/Developer/Library/Frameworks",
					"$(inherited)",
					"$(DEVELOPER_FRAMEWORKS_DIR)",
				);
				GCC_PRECOMPILE_PREFIX_HEADER = YES;
				GCC_PREFIX_HEADER = "ModalSample/ModalSample-Prefix.pch";
				INFOPLIST_FILE = "ModalSampleTests/ModalSampleTests-Info.plist";
				PRODUCT_NAME = "$(TARGET_NAME)";
				TEST_HOST = "$(BUNDLE_LOADER)";
				WRAPPER_EXTENSION = xctest;
			};
			name = Release;
		};
/* End XCBuildConfiguration section */

/* Begin XCConfigurationList section */
		36BFF03417CF1CCB0020822D /* Build configuration list for PBXProject "ModalSample" */ = {
			isa = XCConfigurationList;
			buildConfigurations = (
				36BFF06917CF1CCB0020822D /* Debug */,
				36BFF06A17CF1CCB0020822D /* Release */,
			);
			defaultConfigurationIsVisible = 0;
			defaultConfigurationName = Release;
		};
		36BFF06B17CF1CCB0020822D /* Build configuration list for PBXNativeTarget "ModalSample" */ = {
			isa = XCConfigurationList;
			buildConfigurations = (
				36BFF06C17CF1CCB0020822D /* Debug */,
				36BFF06D17CF1CCB0020822D /* Release */,
			);
			defaultConfigurationIsVisible = 0;
		};
		36BFF06E17CF1CCB0020822D /* Build configuration list for PBXNativeTarget "ModalSampleTests" */ = {
			isa = XCConfigurationList;
			buildConfigurations = (
				36BFF06F17CF1CCB0020822D /* Debug */,
				36BFF07017CF1CCB0020822D /* Release */,
			);
			defaultConfigurationIsVisible = 0;
		};
/* End XCConfigurationList section */
	};
	rootObject = 36BFF03117CF1CCB0020822D /* Project object */;
}
