// !$*UTF8*$!
{
	archiveVersion = 1;
	classes = {
	};
	objectVersion = 46;
	objects = {

/* Begin PBXBuildFile section */
		A8652CF9179376FC00001705 /* UIKit.framework in Frameworks */ = {isa = PBXBuildFile; fileRef = A8652CF8179376FC00001705 /* UIKit.framework */; };
		A8652CFB179376FD00001705 /* Foundation.framework in Frameworks */ = {isa = PBXBuildFile; fileRef = A8652CFA179376FC00001705 /* Foundation.framework */; };
		A8652CFD179376FD00001705 /* CoreGraphics.framework in Frameworks */ = {isa = PBXBuildFile; fileRef = A8652CFC179376FD00001705 /* CoreGraphics.framework */; };
		A8652D03179376FD00001705 /* InfoPlist.strings in Resources */ = {isa = PBXBuildFile; fileRef = A8652D01179376FD00001705 /* InfoPlist.strings */; };
		A8652D05179376FD00001705 /* main.m in Sources */ = {isa = PBXBuildFile; fileRef = A8652D04179376FD00001705 /* main.m */; };
		A8652D09179376FD00001705 /* AppDelegate.m in Sources */ = {isa = PBXBuildFile; fileRef = A8652D08179376FD00001705 /* AppDelegate.m */; };
		A8652D0B179376FD00001705 /* Default.png in Resources */ = {isa = PBXBuildFile; fileRef = A8652D0A179376FD00001705 /* Default.png */; };
		A8652D0D179376FD00001705 /* Default@2x.png in Resources */ = {isa = PBXBuildFile; fileRef = A8652D0C179376FD00001705 /* Default@2x.png */; };
		A8652D0F179376FD00001705 /* Default-568h@2x.png in Resources */ = {isa = PBXBuildFile; fileRef = A8652D0E179376FD00001705 /* Default-568h@2x.png */; };
		A8652D12179376FD00001705 /* ViewController.m in Sources */ = {isa = PBXBuildFile; fileRef = A8652D11179376FD00001705 /* ViewController.m */; };
		A8652D15179376FD00001705 /* ViewController_iPhone.xib in Resources */ = {isa = PBXBuildFile; fileRef = A8652D13179376FD00001705 /* ViewController_iPhone.xib */; };
		A8652D18179376FD00001705 /* ViewController_iPad.xib in Resources */ = {isa = PBXBuildFile; fileRef = A8652D16179376FD00001705 /* ViewController_iPad.xib */; };
		A8652D211793858300001705 /* content_iPhone.plist in Resources */ = {isa = PBXBuildFile; fileRef = A8652D201793858300001705 /* content_iPhone.plist */; };
		A8652D29179385A600001705 /* small_five.png in Resources */ = {isa = PBXBuildFile; fileRef = A8652D23179385A600001705 /* small_five.png */; };
		A8652D2A179385A600001705 /* small_four.png in Resources */ = {isa = PBXBuildFile; fileRef = A8652D24179385A600001705 /* small_four.png */; };
		A8652D2B179385A600001705 /* small_one.png in Resources */ = {isa = PBXBuildFile; fileRef = A8652D25179385A600001705 /* small_one.png */; };
		A8652D2C179385A600001705 /* small_six.png in Resources */ = {isa = PBXBuildFile; fileRef = A8652D26179385A600001705 /* small_six.png */; };
		A8652D2D179385A600001705 /* small_three.png in Resources */ = {isa = PBXBuildFile; fileRef = A8652D27179385A600001705 /* small_three.png */; };
		A8652D2E179385A600001705 /* small_two.png in Resources */ = {isa = PBXBuildFile; fileRef = A8652D28179385A600001705 /* small_two.png */; };
		A8652D32179386DB00001705 /* MyViewController.m in Sources */ = {isa = PBXBuildFile; fileRef = A8652D30179386DB00001705 /* MyViewController.m */; };
		A8652D33179386DB00001705 /* MyView.xib in Resources */ = {isa = PBXBuildFile; fileRef = A8652D31179386DB00001705 /* MyView.xib */; };
/* End PBXBuildFile section */

/* Begin PBXFileReference section */
		A8652CF5179376FC00001705 /* ImageSample.app */ = {isa = PBXFileReference; explicitFileType = wrapper.application; includeInIndex = 0; path = ImageSample.app; sourceTree = BUILT_PRODUCTS_DIR; };
		A8652CF8179376FC00001705 /* UIKit.framework */ = {isa = PBXFileReference; lastKnownFileType = wrapper.framework; name = UIKit.framework; path = System/Library/Frameworks/UIKit.framework; sourceTree = SDKROOT; };
		A8652CFA179376FC00001705 /* Foundation.framework */ = {isa = PBXFileReference; lastKnownFileType = wrapper.framework; name = Foundation.framework; path = System/Library/Frameworks/Foundation.framework; sourceTree = SDKROOT; };
		A8652CFC179376FD00001705 /* CoreGraphics.framework */ = {isa = PBXFileReference; lastKnownFileType = wrapper.framework; name = CoreGraphics.framework; path = System/Library/Frameworks/CoreGraphics.framework; sourceTree = SDKROOT; };
		A8652D00179376FD00001705 /* ImageSample-Info.plist */ = {isa = PBXFileReference; lastKnownFileType = text.plist.xml; path = "ImageSample-Info.plist"; sourceTree = "<group>"; };
		A8652D02179376FD00001705 /* en */ = {isa = PBXFileReference; lastKnownFileType = text.plist.strings; name = en; path = en.lproj/InfoPlist.strings; sourceTree = "<group>"; };
		A8652D04179376FD00001705 /* main.m */ = {isa = PBXFileReference; lastKnownFileType = sourcecode.c.objc; path = main.m; sourceTree = "<group>"; };
		A8652D06179376FD00001705 /* ImageSample-Prefix.pch */ = {isa = PBXFileReference; lastKnownFileType = sourcecode.c.h; path = "ImageSample-Prefix.pch"; sourceTree = "<group>"; };
		A8652D07179376FD00001705 /* AppDelegate.h */ = {isa = PBXFileReference; lastKnownFileType = sourcecode.c.h; path = AppDelegate.h; sourceTree = "<group>"; };
		A8652D08179376FD00001705 /* AppDelegate.m */ = {isa = PBXFileReference; lastKnownFileType = sourcecode.c.objc; path = AppDelegate.m; sourceTree = "<group>"; };
		A8652D0A179376FD00001705 /* Default.png */ = {isa = PBXFileReference; lastKnownFileType = image.png; path = Default.png; sourceTree = "<group>"; };
		A8652D0C179376FD00001705 /* Default@2x.png */ = {isa = PBXFileReference; lastKnownFileType = image.png; path = "Default@2x.png"; sourceTree = "<group>"; };
		A8652D0E179376FD00001705 /* Default-568h@2x.png */ = {isa = PBXFileReference; lastKnownFileType = image.png; path = "Default-568h@2x.png"; sourceTree = "<group>"; };
		A8652D10179376FD00001705 /* ViewController.h */ = {isa = PBXFileReference; lastKnownFileType = sourcecode.c.h; path = ViewController.h; sourceTree = "<group>"; };
		A8652D11179376FD00001705 /* ViewController.m */ = {isa = PBXFileReference; lastKnownFileType = sourcecode.c.objc; path = ViewController.m; sourceTree = "<group>"; };
		A8652D14179376FD00001705 /* en */ = {isa = PBXFileReference; lastKnownFileType = file.xib; name = en; path = en.lproj/ViewController_iPhone.xib; sourceTree = "<group>"; };
		A8652D17179376FD00001705 /* en */ = {isa = PBXFileReference; lastKnownFileType = file.xib; name = en; path = en.lproj/ViewController_iPad.xib; sourceTree = "<group>"; };
		A8652D201793858300001705 /* content_iPhone.plist */ = {isa = PBXFileReference; fileEncoding = 4; lastKnownFileType = text.plist.xml; path = content_iPhone.plist; sourceTree = "<group>"; };
		A8652D23179385A600001705 /* small_five.png */ = {isa = PBXFileReference; lastKnownFileType = image.png; path = small_five.png; sourceTree = "<group>"; };
		A8652D24179385A600001705 /* small_four.png */ = {isa = PBXFileReference; lastKnownFileType = image.png; path = small_four.png; sourceTree = "<group>"; };
		A8652D25179385A600001705 /* small_one.png */ = {isa = PBXFileReference; lastKnownFileType = image.png; path = small_one.png; sourceTree = "<group>"; };
		A8652D26179385A600001705 /* small_six.png */ = {isa = PBXFileReference; lastKnownFileType = image.png; path = small_six.png; sourceTree = "<group>"; };
		A8652D27179385A600001705 /* small_three.png */ = {isa = PBXFileReference; lastKnownFileType = image.png; path = small_three.png; sourceTree = "<group>"; };
		A8652D28179385A600001705 /* small_two.png */ = {isa = PBXFileReference; lastKnownFileType = image.png; path = small_two.png; sourceTree = "<group>"; };
		A8652D2F179386DB00001705 /* MyViewController.h */ = {isa = PBXFileReference; fileEncoding = 4; lastKnownFileType = sourcecode.c.h; path = MyViewController.h; sourceTree = "<group>"; };
		A8652D30179386DB00001705 /* MyViewController.m */ = {isa = PBXFileReference; fileEncoding = 4; lastKnownFileType = sourcecode.c.objc; path = MyViewController.m; sourceTree = "<group>"; };
		A8652D31179386DB00001705 /* MyView.xib */ = {isa = PBXFileReference; fileEncoding = 4; lastKnownFileType = file.xib; path = MyView.xib; sourceTree = "<group>"; };
/* End PBXFileReference section */

/* Begin PBXFrameworksBuildPhase section */
		A8652CF2179376FC00001705 /* Frameworks */ = {
			isa = PBXFrameworksBuildPhase;
			buildActionMask = 2147483647;
			files = (
				A8652CF9179376FC00001705 /* UIKit.framework in Frameworks */,
				A8652CFB179376FD00001705 /* Foundation.framework in Frameworks */,
				A8652CFD179376FD00001705 /* CoreGraphics.framework in Frameworks */,
			);
			runOnlyForDeploymentPostprocessing = 0;
		};
/* End PBXFrameworksBuildPhase section */

/* Begin PBXGroup section */
		A8652CEC179376FC00001705 = {
			isa = PBXGroup;
			children = (
				A8652D1F1793857100001705 /* Resources */,
				A8652CFE179376FD00001705 /* ImageSample */,
				A8652CF7179376FC00001705 /* Frameworks */,
				A8652CF6179376FC00001705 /* Products */,
			);
			sourceTree = "<group>";
		};
		A8652CF6179376FC00001705 /* Products */ = {
			isa = PBXGroup;
			children = (
				A8652CF5179376FC00001705 /* ImageSample.app */,
			);
			name = Products;
			sourceTree = "<group>";
		};
		A8652CF7179376FC00001705 /* Frameworks */ = {
			isa = PBXGroup;
			children = (
				A8652CF8179376FC00001705 /* UIKit.framework */,
				A8652CFA179376FC00001705 /* Foundation.framework */,
				A8652CFC179376FD00001705 /* CoreGraphics.framework */,
			);
			name = Frameworks;
			sourceTree = "<group>";
		};
		A8652CFE179376FD00001705 /* ImageSample */ = {
			isa = PBXGroup;
			children = (
				A8652D07179376FD00001705 /* AppDelegate.h */,
				A8652D08179376FD00001705 /* AppDelegate.m */,
				A8652D10179376FD00001705 /* ViewController.h */,
				A8652D11179376FD00001705 /* ViewController.m */,
				A8652D13179376FD00001705 /* ViewController_iPhone.xib */,
				A8652D16179376FD00001705 /* ViewController_iPad.xib */,
				A8652D2F179386DB00001705 /* MyViewController.h */,
				A8652D30179386DB00001705 /* MyViewController.m */,
				A8652D31179386DB00001705 /* MyView.xib */,
				A8652CFF179376FD00001705 /* Supporting Files */,
			);
			path = ImageSample;
			sourceTree = "<group>";
		};
		A8652CFF179376FD00001705 /* Supporting Files */ = {
			isa = PBXGroup;
			children = (
				A8652D00179376FD00001705 /* ImageSample-Info.plist */,
				A8652D01179376FD00001705 /* InfoPlist.strings */,
				A8652D04179376FD00001705 /* main.m */,
				A8652D06179376FD00001705 /* ImageSample-Prefix.pch */,
				A8652D0A179376FD00001705 /* Default.png */,
				A8652D0C179376FD00001705 /* Default@2x.png */,
				A8652D0E179376FD00001705 /* Default-568h@2x.png */,
			);
			name = "Supporting Files";
			sourceTree = "<group>";
		};
		A8652D1F1793857100001705 /* Resources */ = {
			isa = PBXGroup;
			children = (
				A8652D221793859600001705 /* smallImages */,
				A8652D201793858300001705 /* content_iPhone.plist */,
			);
			name = Resources;
			sourceTree = "<group>";
		};
		A8652D221793859600001705 /* smallImages */ = {
			isa = PBXGroup;
			children = (
				A8652D23179385A600001705 /* small_five.png */,
				A8652D24179385A600001705 /* small_four.png */,
				A8652D25179385A600001705 /* small_one.png */,
				A8652D26179385A600001705 /* small_six.png */,
				A8652D27179385A600001705 /* small_three.png */,
				A8652D28179385A600001705 /* small_two.png */,
			);
			name = smallImages;
			sourceTree = "<group>";
		};
/* End PBXGroup section */

/* Begin PBXNativeTarget section */
		A8652CF4179376FC00001705 /* ImageSample */ = {
			isa = PBXNativeTarget;
			buildConfigurationList = A8652D1B179376FD00001705 /* Build configuration list for PBXNativeTarget "ImageSample" */;
			buildPhases = (
				A8652CF1179376FC00001705 /* Sources */,
				A8652CF2179376FC00001705 /* Frameworks */,
				A8652CF3179376FC00001705 /* Resources */,
			);
			buildRules = (
			);
			dependencies = (
			);
			name = ImageSample;
			productName = ImageSample;
			productReference = A8652CF5179376FC00001705 /* ImageSample.app */;
			productType = "com.apple.product-type.application";
		};
/* End PBXNativeTarget section */

/* Begin PBXProject section */
		A8652CED179376FC00001705 /* Project object */ = {
			isa = PBXProject;
			attributes = {
				LastUpgradeCheck = 0460;
				ORGANIZATIONNAME = kubo_kazuki;
			};
			buildConfigurationList = A8652CF0179376FC00001705 /* Build configuration list for PBXProject "ImageSample" */;
			compatibilityVersion = "Xcode 3.2";
			developmentRegion = English;
			hasScannedForEncodings = 0;
			knownRegions = (
				en,
			);
			mainGroup = A8652CEC179376FC00001705;
			productRefGroup = A8652CF6179376FC00001705 /* Products */;
			projectDirPath = "";
			projectRoot = "";
			targets = (
				A8652CF4179376FC00001705 /* ImageSample */,
			);
		};
/* End PBXProject section */

/* Begin PBXResourcesBuildPhase section */
		A8652CF3179376FC00001705 /* Resources */ = {
			isa = PBXResourcesBuildPhase;
			buildActionMask = 2147483647;
			files = (
				A8652D03179376FD00001705 /* InfoPlist.strings in Resources */,
				A8652D0B179376FD00001705 /* Default.png in Resources */,
				A8652D0D179376FD00001705 /* Default@2x.png in Resources */,
				A8652D0F179376FD00001705 /* Default-568h@2x.png in Resources */,
				A8652D15179376FD00001705 /* ViewController_iPhone.xib in Resources */,
				A8652D18179376FD00001705 /* ViewController_iPad.xib in Resources */,
				A8652D211793858300001705 /* content_iPhone.plist in Resources */,
				A8652D29179385A600001705 /* small_five.png in Resources */,
				A8652D2A179385A600001705 /* small_four.png in Resources */,
				A8652D2B179385A600001705 /* small_one.png in Resources */,
				A8652D2C179385A600001705 /* small_six.png in Resources */,
				A8652D2D179385A600001705 /* small_three.png in Resources */,
				A8652D2E179385A600001705 /* small_two.png in Resources */,
				A8652D33179386DB00001705 /* MyView.xib in Resources */,
			);
			runOnlyForDeploymentPostprocessing = 0;
		};
/* End PBXResourcesBuildPhase section */

/* Begin PBXSourcesBuildPhase section */
		A8652CF1179376FC00001705 /* Sources */ = {
			isa = PBXSourcesBuildPhase;
			buildActionMask = 2147483647;
			files = (
				A8652D05179376FD00001705 /* main.m in Sources */,
				A8652D09179376FD00001705 /* AppDelegate.m in Sources */,
				A8652D12179376FD00001705 /* ViewController.m in Sources */,
				A8652D32179386DB00001705 /* MyViewController.m in Sources */,
			);
			runOnlyForDeploymentPostprocessing = 0;
		};
/* End PBXSourcesBuildPhase section */

/* Begin PBXVariantGroup section */
		A8652D01179376FD00001705 /* InfoPlist.strings */ = {
			isa = PBXVariantGroup;
			children = (
				A8652D02179376FD00001705 /* en */,
			);
			name = InfoPlist.strings;
			sourceTree = "<group>";
		};
		A8652D13179376FD00001705 /* ViewController_iPhone.xib */ = {
			isa = PBXVariantGroup;
			children = (
				A8652D14179376FD00001705 /* en */,
			);
			name = ViewController_iPhone.xib;
			sourceTree = "<group>";
		};
		A8652D16179376FD00001705 /* ViewController_iPad.xib */ = {
			isa = PBXVariantGroup;
			children = (
				A8652D17179376FD00001705 /* en */,
			);
			name = ViewController_iPad.xib;
			sourceTree = "<group>";
		};
/* End PBXVariantGroup section */

/* Begin XCBuildConfiguration section */
		A8652D19179376FD00001705 /* Debug */ = {
			isa = XCBuildConfiguration;
			buildSettings = {
				ALWAYS_SEARCH_USER_PATHS = NO;
				CLANG_CXX_LANGUAGE_STANDARD = "gnu++0x";
				CLANG_CXX_LIBRARY = "libc++";
				CLANG_ENABLE_OBJC_ARC = YES;
				CLANG_WARN_CONSTANT_CONVERSION = YES;
				CLANG_WARN_EMPTY_BODY = YES;
				CLANG_WARN_ENUM_CONVERSION = YES;
				CLANG_WARN_INT_CONVERSION = YES;
				CLANG_WARN__DUPLICATE_METHOD_MATCH = YES;
				"CODE_SIGN_IDENTITY[sdk=iphoneos*]" = "iPhone Developer";
				COPY_PHASE_STRIP = NO;
				GCC_C_LANGUAGE_STANDARD = gnu99;
				GCC_DYNAMIC_NO_PIC = NO;
				GCC_OPTIMIZATION_LEVEL = 0;
				GCC_PREPROCESSOR_DEFINITIONS = (
					"DEBUG=1",
					"$(inherited)",
				);
				GCC_SYMBOLS_PRIVATE_EXTERN = NO;
				GCC_WARN_ABOUT_RETURN_TYPE = YES;
				GCC_WARN_UNINITIALIZED_AUTOS = YES;
				GCC_WARN_UNUSED_VARIABLE = YES;
				IPHONEOS_DEPLOYMENT_TARGET = 6.1;
				ONLY_ACTIVE_ARCH = YES;
				SDKROOT = iphoneos;
				TARGETED_DEVICE_FAMILY = "1,2";
			};
			name = Debug;
		};
		A8652D1A179376FD00001705 /* Release */ = {
			isa = XCBuildConfiguration;
			buildSettings = {
				ALWAYS_SEARCH_USER_PATHS = NO;
				CLANG_CXX_LANGUAGE_STANDARD = "gnu++0x";
				CLANG_CXX_LIBRARY = "libc++";
				CLANG_ENABLE_OBJC_ARC = YES;
				CLANG_WARN_CONSTANT_CONVERSION = YES;
				CLANG_WARN_EMPTY_BODY = YES;
				CLANG_WARN_ENUM_CONVERSION = YES;
				CLANG_WARN_INT_CONVERSION = YES;
				CLANG_WARN__DUPLICATE_METHOD_MATCH = YES;
				"CODE_SIGN_IDENTITY[sdk=iphoneos*]" = "iPhone Developer";
				COPY_PHASE_STRIP = YES;
				GCC_C_LANGUAGE_STANDARD = gnu99;
				GCC_WARN_ABOUT_RETURN_TYPE = YES;
				GCC_WARN_UNINITIALIZED_AUTOS = YES;
				GCC_WARN_UNUSED_VARIABLE = YES;
				IPHONEOS_DEPLOYMENT_TARGET = 6.1;
				OTHER_CFLAGS = "-DNS_BLOCK_ASSERTIONS=1";
				SDKROOT = iphoneos;
				TARGETED_DEVICE_FAMILY = "1,2";
				VALIDATE_PRODUCT = YES;
			};
			name = Release;
		};
		A8652D1C179376FD00001705 /* Debug */ = {
			isa = XCBuildConfiguration;
			buildSettings = {
				GCC_PRECOMPILE_PREFIX_HEADER = YES;
				GCC_PREFIX_HEADER = "ImageSample/ImageSample-Prefix.pch";
				INFOPLIST_FILE = "ImageSample/ImageSample-Info.plist";
				PRODUCT_NAME = "$(TARGET_NAME)";
				WRAPPER_EXTENSION = app;
			};
			name = Debug;
		};
		A8652D1D179376FD00001705 /* Release */ = {
			isa = XCBuildConfiguration;
			buildSettings = {
				GCC_PRECOMPILE_PREFIX_HEADER = YES;
				GCC_PREFIX_HEADER = "ImageSample/ImageSample-Prefix.pch";
				INFOPLIST_FILE = "ImageSample/ImageSample-Info.plist";
				PRODUCT_NAME = "$(TARGET_NAME)";
				WRAPPER_EXTENSION = app;
			};
			name = Release;
		};
/* End XCBuildConfiguration section */

/* Begin XCConfigurationList section */
		A8652CF0179376FC00001705 /* Build configuration list for PBXProject "ImageSample" */ = {
			isa = XCConfigurationList;
			buildConfigurations = (
				A8652D19179376FD00001705 /* Debug */,
				A8652D1A179376FD00001705 /* Release */,
			);
			defaultConfigurationIsVisible = 0;
			defaultConfigurationName = Release;
		};
		A8652D1B179376FD00001705 /* Build configuration list for PBXNativeTarget "ImageSample" */ = {
			isa = XCConfigurationList;
			buildConfigurations = (
				A8652D1C179376FD00001705 /* Debug */,
				A8652D1D179376FD00001705 /* Release */,
			);
			defaultConfigurationIsVisible = 0;
		};
/* End XCConfigurationList section */
	};
	rootObject = A8652CED179376FC00001705 /* Project object */;
}
