// !$*UTF8*$!
{
	archiveVersion = 1;
	classes = {
	};
	objectVersion = 46;
	objects = {

/* Begin PBXBuildFile section */
		A8652CC21793600000001705 /* UIKit.framework in Frameworks */ = {isa = PBXBuildFile; fileRef = A8652CC11793600000001705 /* UIKit.framework */; };
		A8652CC41793600000001705 /* Foundation.framework in Frameworks */ = {isa = PBXBuildFile; fileRef = A8652CC31793600000001705 /* Foundation.framework */; };
		A8652CC61793600000001705 /* CoreGraphics.framework in Frameworks */ = {isa = PBXBuildFile; fileRef = A8652CC51793600000001705 /* CoreGraphics.framework */; };
		A8652CCC1793600000001705 /* InfoPlist.strings in Resources */ = {isa = PBXBuildFile; fileRef = A8652CCA1793600000001705 /* InfoPlist.strings */; };
		A8652CCE1793600000001705 /* main.m in Sources */ = {isa = PBXBuildFile; fileRef = A8652CCD1793600000001705 /* main.m */; };
		A8652CD21793600000001705 /* AppDelegate.m in Sources */ = {isa = PBXBuildFile; fileRef = A8652CD11793600000001705 /* AppDelegate.m */; };
		A8652CD41793600000001705 /* Default.png in Resources */ = {isa = PBXBuildFile; fileRef = A8652CD31793600000001705 /* Default.png */; };
		A8652CD61793600000001705 /* Default@2x.png in Resources */ = {isa = PBXBuildFile; fileRef = A8652CD51793600000001705 /* Default@2x.png */; };
		A8652CD81793600000001705 /* Default-568h@2x.png in Resources */ = {isa = PBXBuildFile; fileRef = A8652CD71793600000001705 /* Default-568h@2x.png */; };
		A8652CDB1793600000001705 /* ViewController.m in Sources */ = {isa = PBXBuildFile; fileRef = A8652CDA1793600000001705 /* ViewController.m */; };
		A8652CDE1793600000001705 /* ViewController_iPhone.xib in Resources */ = {isa = PBXBuildFile; fileRef = A8652CDC1793600000001705 /* ViewController_iPhone.xib */; };
		A8652CE11793600000001705 /* ViewController_iPad.xib in Resources */ = {isa = PBXBuildFile; fileRef = A8652CDF1793600000001705 /* ViewController_iPad.xib */; };
		A8652CE81793602600001705 /* AVFoundation.framework in Frameworks */ = {isa = PBXBuildFile; fileRef = A8652CE71793602600001705 /* AVFoundation.framework */; };
		A8652CEB179374BF00001705 /* logo.png in Resources */ = {isa = PBXBuildFile; fileRef = A8652CEA179374BF00001705 /* logo.png */; };
		A8652D3717939A5200001705 /* ScrollViewController.m in Sources */ = {isa = PBXBuildFile; fileRef = A8652D3517939A5200001705 /* ScrollViewController.m */; };
		A8652D3817939A5200001705 /* ScrollViewController_iPhone.xib in Resources */ = {isa = PBXBuildFile; fileRef = A8652D3617939A5200001705 /* ScrollViewController_iPhone.xib */; };
		A8652D3C17939A7400001705 /* MyViewController.m in Sources */ = {isa = PBXBuildFile; fileRef = A8652D3A17939A7400001705 /* MyViewController.m */; };
		A8652D3D17939A7400001705 /* MyView.xib in Resources */ = {isa = PBXBuildFile; fileRef = A8652D3B17939A7400001705 /* MyView.xib */; };
		A8652D3F17939B4100001705 /* content_iPhone.plist in Resources */ = {isa = PBXBuildFile; fileRef = A8652D3E17939B4100001705 /* content_iPhone.plist */; };
		A8652D4717939B6200001705 /* small_five.png in Resources */ = {isa = PBXBuildFile; fileRef = A8652D4117939B6200001705 /* small_five.png */; };
		A8652D4817939B6200001705 /* small_four.png in Resources */ = {isa = PBXBuildFile; fileRef = A8652D4217939B6200001705 /* small_four.png */; };
		A8652D4917939B6200001705 /* small_one.png in Resources */ = {isa = PBXBuildFile; fileRef = A8652D4317939B6200001705 /* small_one.png */; };
		A8652D4A17939B6200001705 /* small_six.png in Resources */ = {isa = PBXBuildFile; fileRef = A8652D4417939B6200001705 /* small_six.png */; };
		A8652D4B17939B6200001705 /* small_three.png in Resources */ = {isa = PBXBuildFile; fileRef = A8652D4517939B6200001705 /* small_three.png */; };
		A8652D4C17939B6200001705 /* small_two.png in Resources */ = {isa = PBXBuildFile; fileRef = A8652D4617939B6200001705 /* small_two.png */; };
/* End PBXBuildFile section */

/* Begin PBXFileReference section */
		A8652CBE1793600000001705 /* AVfoundationSample.app */ = {isa = PBXFileReference; explicitFileType = wrapper.application; includeInIndex = 0; path = AVfoundationSample.app; sourceTree = BUILT_PRODUCTS_DIR; };
		A8652CC11793600000001705 /* UIKit.framework */ = {isa = PBXFileReference; lastKnownFileType = wrapper.framework; name = UIKit.framework; path = System/Library/Frameworks/UIKit.framework; sourceTree = SDKROOT; };
		A8652CC31793600000001705 /* Foundation.framework */ = {isa = PBXFileReference; lastKnownFileType = wrapper.framework; name = Foundation.framework; path = System/Library/Frameworks/Foundation.framework; sourceTree = SDKROOT; };
		A8652CC51793600000001705 /* CoreGraphics.framework */ = {isa = PBXFileReference; lastKnownFileType = wrapper.framework; name = CoreGraphics.framework; path = System/Library/Frameworks/CoreGraphics.framework; sourceTree = SDKROOT; };
		A8652CC91793600000001705 /* AVfoundationSample-Info.plist */ = {isa = PBXFileReference; lastKnownFileType = text.plist.xml; path = "AVfoundationSample-Info.plist"; sourceTree = "<group>"; };
		A8652CCB1793600000001705 /* en */ = {isa = PBXFileReference; lastKnownFileType = text.plist.strings; name = en; path = en.lproj/InfoPlist.strings; sourceTree = "<group>"; };
		A8652CCD1793600000001705 /* main.m */ = {isa = PBXFileReference; lastKnownFileType = sourcecode.c.objc; path = main.m; sourceTree = "<group>"; };
		A8652CCF1793600000001705 /* AVfoundationSample-Prefix.pch */ = {isa = PBXFileReference; lastKnownFileType = sourcecode.c.h; path = "AVfoundationSample-Prefix.pch"; sourceTree = "<group>"; };
		A8652CD01793600000001705 /* AppDelegate.h */ = {isa = PBXFileReference; lastKnownFileType = sourcecode.c.h; path = AppDelegate.h; sourceTree = "<group>"; };
		A8652CD11793600000001705 /* AppDelegate.m */ = {isa = PBXFileReference; lastKnownFileType = sourcecode.c.objc; path = AppDelegate.m; sourceTree = "<group>"; };
		A8652CD31793600000001705 /* Default.png */ = {isa = PBXFileReference; lastKnownFileType = image.png; path = Default.png; sourceTree = "<group>"; };
		A8652CD51793600000001705 /* Default@2x.png */ = {isa = PBXFileReference; lastKnownFileType = image.png; path = "Default@2x.png"; sourceTree = "<group>"; };
		A8652CD71793600000001705 /* Default-568h@2x.png */ = {isa = PBXFileReference; lastKnownFileType = image.png; path = "Default-568h@2x.png"; sourceTree = "<group>"; };
		A8652CD91793600000001705 /* ViewController.h */ = {isa = PBXFileReference; lastKnownFileType = sourcecode.c.h; path = ViewController.h; sourceTree = "<group>"; };
		A8652CDA1793600000001705 /* ViewController.m */ = {isa = PBXFileReference; lastKnownFileType = sourcecode.c.objc; path = ViewController.m; sourceTree = "<group>"; };
		A8652CDD1793600000001705 /* en */ = {isa = PBXFileReference; lastKnownFileType = file.xib; name = en; path = en.lproj/ViewController_iPhone.xib; sourceTree = "<group>"; };
		A8652CE01793600000001705 /* en */ = {isa = PBXFileReference; lastKnownFileType = file.xib; name = en; path = en.lproj/ViewController_iPad.xib; sourceTree = "<group>"; };
		A8652CE71793602600001705 /* AVFoundation.framework */ = {isa = PBXFileReference; lastKnownFileType = wrapper.framework; name = AVFoundation.framework; path = System/Library/Frameworks/AVFoundation.framework; sourceTree = SDKROOT; };
		A8652CEA179374BF00001705 /* logo.png */ = {isa = PBXFileReference; lastKnownFileType = image.png; path = logo.png; sourceTree = "<group>"; };
		A8652D3417939A5100001705 /* ScrollViewController.h */ = {isa = PBXFileReference; fileEncoding = 4; lastKnownFileType = sourcecode.c.h; path = ScrollViewController.h; sourceTree = "<group>"; };
		A8652D3517939A5200001705 /* ScrollViewController.m */ = {isa = PBXFileReference; fileEncoding = 4; lastKnownFileType = sourcecode.c.objc; path = ScrollViewController.m; sourceTree = "<group>"; };
		A8652D3617939A5200001705 /* ScrollViewController_iPhone.xib */ = {isa = PBXFileReference; fileEncoding = 4; lastKnownFileType = file.xib; path = ScrollViewController_iPhone.xib; sourceTree = "<group>"; };
		A8652D3917939A7400001705 /* MyViewController.h */ = {isa = PBXFileReference; fileEncoding = 4; lastKnownFileType = sourcecode.c.h; path = MyViewController.h; sourceTree = "<group>"; };
		A8652D3A17939A7400001705 /* MyViewController.m */ = {isa = PBXFileReference; fileEncoding = 4; lastKnownFileType = sourcecode.c.objc; path = MyViewController.m; sourceTree = "<group>"; };
		A8652D3B17939A7400001705 /* MyView.xib */ = {isa = PBXFileReference; fileEncoding = 4; lastKnownFileType = file.xib; path = MyView.xib; sourceTree = "<group>"; };
		A8652D3E17939B4100001705 /* content_iPhone.plist */ = {isa = PBXFileReference; fileEncoding = 4; lastKnownFileType = text.plist.xml; path = content_iPhone.plist; sourceTree = "<group>"; };
		A8652D4117939B6200001705 /* small_five.png */ = {isa = PBXFileReference; lastKnownFileType = image.png; path = small_five.png; sourceTree = "<group>"; };
		A8652D4217939B6200001705 /* small_four.png */ = {isa = PBXFileReference; lastKnownFileType = image.png; path = small_four.png; sourceTree = "<group>"; };
		A8652D4317939B6200001705 /* small_one.png */ = {isa = PBXFileReference; lastKnownFileType = image.png; path = small_one.png; sourceTree = "<group>"; };
		A8652D4417939B6200001705 /* small_six.png */ = {isa = PBXFileReference; lastKnownFileType = image.png; path = small_six.png; sourceTree = "<group>"; };
		A8652D4517939B6200001705 /* small_three.png */ = {isa = PBXFileReference; lastKnownFileType = image.png; path = small_three.png; sourceTree = "<group>"; };
		A8652D4617939B6200001705 /* small_two.png */ = {isa = PBXFileReference; lastKnownFileType = image.png; path = small_two.png; sourceTree = "<group>"; };
/* End PBXFileReference section */

/* Begin PBXFrameworksBuildPhase section */
		A8652CBB17935FFF00001705 /* Frameworks */ = {
			isa = PBXFrameworksBuildPhase;
			buildActionMask = 2147483647;
			files = (
				A8652CE81793602600001705 /* AVFoundation.framework in Frameworks */,
				A8652CC21793600000001705 /* UIKit.framework in Frameworks */,
				A8652CC41793600000001705 /* Foundation.framework in Frameworks */,
				A8652CC61793600000001705 /* CoreGraphics.framework in Frameworks */,
			);
			runOnlyForDeploymentPostprocessing = 0;
		};
/* End PBXFrameworksBuildPhase section */

/* Begin PBXGroup section */
		A8652CB517935FFF00001705 = {
			isa = PBXGroup;
			children = (
				A8652CE71793602600001705 /* AVFoundation.framework */,
				A8652CC71793600000001705 /* AVfoundationSample */,
				A8652CC01793600000001705 /* Frameworks */,
				A8652CBF1793600000001705 /* Products */,
			);
			sourceTree = "<group>";
		};
		A8652CBF1793600000001705 /* Products */ = {
			isa = PBXGroup;
			children = (
				A8652CBE1793600000001705 /* AVfoundationSample.app */,
			);
			name = Products;
			sourceTree = "<group>";
		};
		A8652CC01793600000001705 /* Frameworks */ = {
			isa = PBXGroup;
			children = (
				A8652CC11793600000001705 /* UIKit.framework */,
				A8652CC31793600000001705 /* Foundation.framework */,
				A8652CC51793600000001705 /* CoreGraphics.framework */,
			);
			name = Frameworks;
			sourceTree = "<group>";
		};
		A8652CC71793600000001705 /* AVfoundationSample */ = {
			isa = PBXGroup;
			children = (
				A8652CE91793744C00001705 /* Resources */,
				A8652CD01793600000001705 /* AppDelegate.h */,
				A8652CD11793600000001705 /* AppDelegate.m */,
				A8652D3417939A5100001705 /* ScrollViewController.h */,
				A8652D3517939A5200001705 /* ScrollViewController.m */,
				A8652D3617939A5200001705 /* ScrollViewController_iPhone.xib */,
				A8652D3917939A7400001705 /* MyViewController.h */,
				A8652D3A17939A7400001705 /* MyViewController.m */,
				A8652D3B17939A7400001705 /* MyView.xib */,
				A8652CD91793600000001705 /* ViewController.h */,
				A8652CDA1793600000001705 /* ViewController.m */,
				A8652CDC1793600000001705 /* ViewController_iPhone.xib */,
				A8652CDF1793600000001705 /* ViewController_iPad.xib */,
				A8652CC81793600000001705 /* Supporting Files */,
			);
			path = AVfoundationSample;
			sourceTree = "<group>";
		};
		A8652CC81793600000001705 /* Supporting Files */ = {
			isa = PBXGroup;
			children = (
				A8652CC91793600000001705 /* AVfoundationSample-Info.plist */,
				A8652CCA1793600000001705 /* InfoPlist.strings */,
				A8652CCD1793600000001705 /* main.m */,
				A8652CCF1793600000001705 /* AVfoundationSample-Prefix.pch */,
				A8652CD31793600000001705 /* Default.png */,
				A8652CD51793600000001705 /* Default@2x.png */,
				A8652CD71793600000001705 /* Default-568h@2x.png */,
			);
			name = "Supporting Files";
			sourceTree = "<group>";
		};
		A8652CE91793744C00001705 /* Resources */ = {
			isa = PBXGroup;
			children = (
				A8652D4017939B4D00001705 /* smallImages */,
				A8652D3E17939B4100001705 /* content_iPhone.plist */,
				A8652CEA179374BF00001705 /* logo.png */,
			);
			name = Resources;
			sourceTree = "<group>";
		};
		A8652D4017939B4D00001705 /* smallImages */ = {
			isa = PBXGroup;
			children = (
				A8652D4117939B6200001705 /* small_five.png */,
				A8652D4217939B6200001705 /* small_four.png */,
				A8652D4317939B6200001705 /* small_one.png */,
				A8652D4417939B6200001705 /* small_six.png */,
				A8652D4517939B6200001705 /* small_three.png */,
				A8652D4617939B6200001705 /* small_two.png */,
			);
			name = smallImages;
			sourceTree = "<group>";
		};
/* End PBXGroup section */

/* Begin PBXNativeTarget section */
		A8652CBD17935FFF00001705 /* AVfoundationSample */ = {
			isa = PBXNativeTarget;
			buildConfigurationList = A8652CE41793600000001705 /* Build configuration list for PBXNativeTarget "AVfoundationSample" */;
			buildPhases = (
				A8652CBA17935FFF00001705 /* Sources */,
				A8652CBB17935FFF00001705 /* Frameworks */,
				A8652CBC17935FFF00001705 /* Resources */,
			);
			buildRules = (
			);
			dependencies = (
			);
			name = AVfoundationSample;
			productName = AVfoundationSample;
			productReference = A8652CBE1793600000001705 /* AVfoundationSample.app */;
			productType = "com.apple.product-type.application";
		};
/* End PBXNativeTarget section */

/* Begin PBXProject section */
		A8652CB617935FFF00001705 /* Project object */ = {
			isa = PBXProject;
			attributes = {
				LastUpgradeCheck = 0460;
				ORGANIZATIONNAME = kubo_kazuki;
			};
			buildConfigurationList = A8652CB917935FFF00001705 /* Build configuration list for PBXProject "AVfoundationSample" */;
			compatibilityVersion = "Xcode 3.2";
			developmentRegion = English;
			hasScannedForEncodings = 0;
			knownRegions = (
				en,
			);
			mainGroup = A8652CB517935FFF00001705;
			productRefGroup = A8652CBF1793600000001705 /* Products */;
			projectDirPath = "";
			projectRoot = "";
			targets = (
				A8652CBD17935FFF00001705 /* AVfoundationSample */,
			);
		};
/* End PBXProject section */

/* Begin PBXResourcesBuildPhase section */
		A8652CBC17935FFF00001705 /* Resources */ = {
			isa = PBXResourcesBuildPhase;
			buildActionMask = 2147483647;
			files = (
				A8652CCC1793600000001705 /* InfoPlist.strings in Resources */,
				A8652CD41793600000001705 /* Default.png in Resources */,
				A8652CD61793600000001705 /* Default@2x.png in Resources */,
				A8652CD81793600000001705 /* Default-568h@2x.png in Resources */,
				A8652CDE1793600000001705 /* ViewController_iPhone.xib in Resources */,
				A8652CE11793600000001705 /* ViewController_iPad.xib in Resources */,
				A8652CEB179374BF00001705 /* logo.png in Resources */,
				A8652D3817939A5200001705 /* ScrollViewController_iPhone.xib in Resources */,
				A8652D3D17939A7400001705 /* MyView.xib in Resources */,
				A8652D3F17939B4100001705 /* content_iPhone.plist in Resources */,
				A8652D4717939B6200001705 /* small_five.png in Resources */,
				A8652D4817939B6200001705 /* small_four.png in Resources */,
				A8652D4917939B6200001705 /* small_one.png in Resources */,
				A8652D4A17939B6200001705 /* small_six.png in Resources */,
				A8652D4B17939B6200001705 /* small_three.png in Resources */,
				A8652D4C17939B6200001705 /* small_two.png in Resources */,
			);
			runOnlyForDeploymentPostprocessing = 0;
		};
/* End PBXResourcesBuildPhase section */

/* Begin PBXSourcesBuildPhase section */
		A8652CBA17935FFF00001705 /* Sources */ = {
			isa = PBXSourcesBuildPhase;
			buildActionMask = 2147483647;
			files = (
				A8652CCE1793600000001705 /* main.m in Sources */,
				A8652CD21793600000001705 /* AppDelegate.m in Sources */,
				A8652CDB1793600000001705 /* ViewController.m in Sources */,
				A8652D3717939A5200001705 /* ScrollViewController.m in Sources */,
				A8652D3C17939A7400001705 /* MyViewController.m in Sources */,
			);
			runOnlyForDeploymentPostprocessing = 0;
		};
/* End PBXSourcesBuildPhase section */

/* Begin PBXVariantGroup section */
		A8652CCA1793600000001705 /* InfoPlist.strings */ = {
			isa = PBXVariantGroup;
			children = (
				A8652CCB1793600000001705 /* en */,
			);
			name = InfoPlist.strings;
			sourceTree = "<group>";
		};
		A8652CDC1793600000001705 /* ViewController_iPhone.xib */ = {
			isa = PBXVariantGroup;
			children = (
				A8652CDD1793600000001705 /* en */,
			);
			name = ViewController_iPhone.xib;
			sourceTree = "<group>";
		};
		A8652CDF1793600000001705 /* ViewController_iPad.xib */ = {
			isa = PBXVariantGroup;
			children = (
				A8652CE01793600000001705 /* en */,
			);
			name = ViewController_iPad.xib;
			sourceTree = "<group>";
		};
/* End PBXVariantGroup section */

/* Begin XCBuildConfiguration section */
		A8652CE21793600000001705 /* Debug */ = {
			isa = XCBuildConfiguration;
			buildSettings = {
				ALWAYS_SEARCH_USER_PATHS = NO;
				CLANG_CXX_LANGUAGE_STANDARD = "gnu++0x";
				CLANG_CXX_LIBRARY = "libc++";
				CLANG_ENABLE_OBJC_ARC = YES;
				CLANG_WARN_CONSTANT_CONVERSION = YES;
				CLANG_WARN_EMPTY_BODY = YES;
				CLANG_WARN_ENUM_CONVERSION = YES;
				CLANG_WARN_INT_CONVERSION = YES;
				CLANG_WARN__DUPLICATE_METHOD_MATCH = YES;
				CODE_SIGN_IDENTITY = "iPhone Developer: KAZUKI KUBO (BE9B8HLNW7)";
				"CODE_SIGN_IDENTITY[sdk=iphoneos*]" = "iPhone Developer";
				COPY_PHASE_STRIP = NO;
				GCC_C_LANGUAGE_STANDARD = gnu99;
				GCC_DYNAMIC_NO_PIC = NO;
				GCC_OPTIMIZATION_LEVEL = 0;
				GCC_PREPROCESSOR_DEFINITIONS = (
					"DEBUG=1",
					"$(inherited)",
				);
				GCC_SYMBOLS_PRIVATE_EXTERN = NO;
				GCC_WARN_ABOUT_RETURN_TYPE = YES;
				GCC_WARN_UNINITIALIZED_AUTOS = YES;
				GCC_WARN_UNUSED_VARIABLE = YES;
				IPHONEOS_DEPLOYMENT_TARGET = 6.1;
				ONLY_ACTIVE_ARCH = YES;
				PROVISIONING_PROFILE = "A819BA14-DBFA-461B-8D60-CF05F149DAF4";
				SDKROOT = iphoneos;
				TARGETED_DEVICE_FAMILY = "1,2";
			};
			name = Debug;
		};
		A8652CE31793600000001705 /* Release */ = {
			isa = XCBuildConfiguration;
			buildSettings = {
				ALWAYS_SEARCH_USER_PATHS = NO;
				CLANG_CXX_LANGUAGE_STANDARD = "gnu++0x";
				CLANG_CXX_LIBRARY = "libc++";
				CLANG_ENABLE_OBJC_ARC = YES;
				CLANG_WARN_CONSTANT_CONVERSION = YES;
				CLANG_WARN_EMPTY_BODY = YES;
				CLANG_WARN_ENUM_CONVERSION = YES;
				CLANG_WARN_INT_CONVERSION = YES;
				CLANG_WARN__DUPLICATE_METHOD_MATCH = YES;
				CODE_SIGN_IDENTITY = "iPhone Developer: KAZUKI KUBO (BE9B8HLNW7)";
				"CODE_SIGN_IDENTITY[sdk=iphoneos*]" = "iPhone Developer";
				COPY_PHASE_STRIP = YES;
				GCC_C_LANGUAGE_STANDARD = gnu99;
				GCC_WARN_ABOUT_RETURN_TYPE = YES;
				GCC_WARN_UNINITIALIZED_AUTOS = YES;
				GCC_WARN_UNUSED_VARIABLE = YES;
				IPHONEOS_DEPLOYMENT_TARGET = 6.1;
				OTHER_CFLAGS = "-DNS_BLOCK_ASSERTIONS=1";
				PROVISIONING_PROFILE = "A819BA14-DBFA-461B-8D60-CF05F149DAF4";
				SDKROOT = iphoneos;
				TARGETED_DEVICE_FAMILY = "1,2";
				VALIDATE_PRODUCT = YES;
			};
			name = Release;
		};
		A8652CE51793600000001705 /* Debug */ = {
			isa = XCBuildConfiguration;
			buildSettings = {
				GCC_PRECOMPILE_PREFIX_HEADER = YES;
				GCC_PREFIX_HEADER = "AVfoundationSample/AVfoundationSample-Prefix.pch";
				INFOPLIST_FILE = "AVfoundationSample/AVfoundationSample-Info.plist";
				PRODUCT_NAME = "$(TARGET_NAME)";
				WRAPPER_EXTENSION = app;
			};
			name = Debug;
		};
		A8652CE61793600000001705 /* Release */ = {
			isa = XCBuildConfiguration;
			buildSettings = {
				GCC_PRECOMPILE_PREFIX_HEADER = YES;
				GCC_PREFIX_HEADER = "AVfoundationSample/AVfoundationSample-Prefix.pch";
				INFOPLIST_FILE = "AVfoundationSample/AVfoundationSample-Info.plist";
				PRODUCT_NAME = "$(TARGET_NAME)";
				WRAPPER_EXTENSION = app;
			};
			name = Release;
		};
/* End XCBuildConfiguration section */

/* Begin XCConfigurationList section */
		A8652CB917935FFF00001705 /* Build configuration list for PBXProject "AVfoundationSample" */ = {
			isa = XCConfigurationList;
			buildConfigurations = (
				A8652CE21793600000001705 /* Debug */,
				A8652CE31793600000001705 /* Release */,
			);
			defaultConfigurationIsVisible = 0;
			defaultConfigurationName = Release;
		};
		A8652CE41793600000001705 /* Build configuration list for PBXNativeTarget "AVfoundationSample" */ = {
			isa = XCConfigurationList;
			buildConfigurations = (
				A8652CE51793600000001705 /* Debug */,
				A8652CE61793600000001705 /* Release */,
			);
			defaultConfigurationIsVisible = 0;
		};
/* End XCConfigurationList section */
	};
	rootObject = A8652CB617935FFF00001705 /* Project object */;
}
